
Microsoft Visual Studio Solution File, Format Version 12.00
# Visual Studio Version 17
VisualStudioVersion = 17.4.33110.190
MinimumVisualStudioVersion = 10.0.40219.1
Project("{FAE04EC0-301F-11D3-BF4B-00C04F79EFBC}") = "PreferencesProvider", "PreferencesProvider\PreferencesProvider.csproj", "{BD8E1A37-D8E4-435A-8331-6F5AEDC5C016}"
EndProject
Global
	GlobalSection(SolutionConfigurationPlatforms) = preSolution
		Debug|Any CPU = Debug|Any CPU
		Release|Any CPU = Release|Any CPU
	EndGlobalSection
	GlobalSection(ProjectConfigurationPlatforms) = postSolution
		{BD8E1A37-D8E4-435A-8331-6F5AEDC5C016}.Debug|Any CPU.ActiveCfg = Debug|Any CPU
		{BD8E1A37-D8E4-435A-8331-6F5AEDC5C016}.Debug|Any CPU.Build.0 = Debug|Any CPU
		{BD8E1A37-D8E4-435A-8331-6F5AEDC5C016}.Release|Any CPU.ActiveCfg = Release|Any CPU
		{BD8E1A37-D8E4-435A-8331-6F5AEDC5C016}.Release|Any CPU.Build.0 = Release|Any CPU
	EndGlobalSection
	GlobalSection(SolutionProperties) = preSolution
		HideSolutionNode = FALSE
	EndGlobalSection
	GlobalSection(ExtensibilityGlobals) = postSolution
		SolutionGuid = {DA01FC48-78AD-4119-858D-FD79C4BE3F0E}
	EndGlobalSection
EndGlobal
